
Microsoft Visual Studio Solution File, Format Version 12.00
# Visual Studio Version 17
VisualStudioVersion = 17.0.31903.59
MinimumVisualStudioVersion = 10.0.40219.1
Project("{FAE04EC0-301F-11D3-BF4B-00C04F79EFBC}") = "API", "API\API.csproj", "{1B4EE8B3-86E8-41C1-8E8F-282F03BFDB38}"
EndProject
Project("{FAE04EC0-301F-11D3-BF4B-00C04F79EFBC}") = "Application", "Application\Application.csproj", "{B7BAA587-7C10-4667-924E-E543945FCCB9}"
EndProject
Project("{FAE04EC0-301F-11D3-BF4B-00C04F79EFBC}") = "Domain", "Domain\Domain.csproj", "{115316BB-6C03-441F-BC1C-606915BBEF94}"
EndProject
Project("{FAE04EC0-301F-11D3-BF4B-00C04F79EFBC}") = "Persistence", "Persistence\Persistence.csproj", "{DA72D131-D848-4B39-BFB3-FE4C117D2F49}"
EndProject
Global
	GlobalSection(SolutionConfigurationPlatforms) = preSolution
		Debug|Any CPU = Debug|Any CPU
		Debug|x64 = Debug|x64
		Debug|x86 = Debug|x86
		Release|Any CPU = Release|Any CPU
		Release|x64 = Release|x64
		Release|x86 = Release|x86
	EndGlobalSection
	GlobalSection(ProjectConfigurationPlatforms) = postSolution
		{1B4EE8B3-86E8-41C1-8E8F-282F03BFDB38}.Debug|Any CPU.ActiveCfg = Debug|Any CPU
		{1B4EE8B3-86E8-41C1-8E8F-282F03BFDB38}.Debug|Any CPU.Build.0 = Debug|Any CPU
		{1B4EE8B3-86E8-41C1-8E8F-282F03BFDB38}.Debug|x64.ActiveCfg = Debug|Any CPU
		{1B4EE8B3-86E8-41C1-8E8F-282F03BFDB38}.Debug|x64.Build.0 = Debug|Any CPU
		{1B4EE8B3-86E8-41C1-8E8F-282F03BFDB38}.Debug|x86.ActiveCfg = Debug|Any CPU
		{1B4EE8B3-86E8-41C1-8E8F-282F03BFDB38}.Debug|x86.Build.0 = Debug|Any CPU
		{1B4EE8B3-86E8-41C1-8E8F-282F03BFDB38}.Release|Any CPU.ActiveCfg = Release|Any CPU
		{1B4EE8B3-86E8-41C1-8E8F-282F03BFDB38}.Release|Any CPU.Build.0 = Release|Any CPU
		{1B4EE8B3-86E8-41C1-8E8F-282F03BFDB38}.Release|x64.ActiveCfg = Release|Any CPU
		{1B4EE8B3-86E8-41C1-8E8F-282F03BFDB38}.Release|x64.Build.0 = Release|Any CPU
		{1B4EE8B3-86E8-41C1-8E8F-282F03BFDB38}.Release|x86.ActiveCfg = Release|Any CPU
		{1B4EE8B3-86E8-41C1-8E8F-282F03BFDB38}.Release|x86.Build.0 = Release|Any CPU
		{B7BAA587-7C10-4667-924E-E543945FCCB9}.Debug|Any CPU.ActiveCfg = Debug|Any CPU
		{B7BAA587-7C10-4667-924E-E543945FCCB9}.Debug|Any CPU.Build.0 = Debug|Any CPU
		{B7BAA587-7C10-4667-924E-E543945FCCB9}.Debug|x64.ActiveCfg = Debug|Any CPU
		{B7BAA587-7C10-4667-924E-E543945FCCB9}.Debug|x64.Build.0 = Debug|Any CPU
		{B7BAA587-7C10-4667-924E-E543945FCCB9}.Debug|x86.ActiveCfg = Debug|Any CPU
		{B7BAA587-7C10-4667-924E-E543945FCCB9}.Debug|x86.Build.0 = Debug|Any CPU
		{B7BAA587-7C10-4667-924E-E543945FCCB9}.Release|Any CPU.ActiveCfg = Release|Any CPU
		{B7BAA587-7C10-4667-924E-E543945FCCB9}.Release|Any CPU.Build.0 = Release|Any CPU
		{B7BAA587-7C10-4667-924E-E543945FCCB9}.Release|x64.ActiveCfg = Release|Any CPU
		{B7BAA587-7C10-4667-924E-E543945FCCB9}.Release|x64.Build.0 = Release|Any CPU
		{B7BAA587-7C10-4667-924E-E543945FCCB9}.Release|x86.ActiveCfg = Release|Any CPU
		{B7BAA587-7C10-4667-924E-E543945FCCB9}.Release|x86.Build.0 = Release|Any CPU
		{115316BB-6C03-441F-BC1C-606915BBEF94}.Debug|Any CPU.ActiveCfg = Debug|Any CPU
		{115316BB-6C03-441F-BC1C-606915BBEF94}.Debug|Any CPU.Build.0 = Debug|Any CPU
		{115316BB-6C03-441F-BC1C-606915BBEF94}.Debug|x64.ActiveCfg = Debug|Any CPU
		{115316BB-6C03-441F-BC1C-606915BBEF94}.Debug|x64.Build.0 = Debug|Any CPU
		{115316BB-6C03-441F-BC1C-606915BBEF94}.Debug|x86.ActiveCfg = Debug|Any CPU
		{115316BB-6C03-441F-BC1C-606915BBEF94}.Debug|x86.Build.0 = Debug|Any CPU
		{115316BB-6C03-441F-BC1C-606915BBEF94}.Release|Any CPU.ActiveCfg = Release|Any CPU
		{115316BB-6C03-441F-BC1C-606915BBEF94}.Release|Any CPU.Build.0 = Release|Any CPU
		{115316BB-6C03-441F-BC1C-606915BBEF94}.Release|x64.ActiveCfg = Release|Any CPU
		{115316BB-6C03-441F-BC1C-606915BBEF94}.Release|x64.Build.0 = Release|Any CPU
		{115316BB-6C03-441F-BC1C-606915BBEF94}.Release|x86.ActiveCfg = Release|Any CPU
		{115316BB-6C03-441F-BC1C-606915BBEF94}.Release|x86.Build.0 = Release|Any CPU
		{DA72D131-D848-4B39-BFB3-FE4C117D2F49}.Debug|Any CPU.ActiveCfg = Debug|Any CPU
		{DA72D131-D848-4B39-BFB3-FE4C117D2F49}.Debug|Any CPU.Build.0 = Debug|Any CPU
		{DA72D131-D848-4B39-BFB3-FE4C117D2F49}.Debug|x64.ActiveCfg = Debug|Any CPU
		{DA72D131-D848-4B39-BFB3-FE4C117D2F49}.Debug|x64.Build.0 = Debug|Any CPU
		{DA72D131-D848-4B39-BFB3-FE4C117D2F49}.Debug|x86.ActiveCfg = Debug|Any CPU
		{DA72D131-D848-4B39-BFB3-FE4C117D2F49}.Debug|x86.Build.0 = Debug|Any CPU
		{DA72D131-D848-4B39-BFB3-FE4C117D2F49}.Release|Any CPU.ActiveCfg = Release|Any CPU
		{DA72D131-D848-4B39-BFB3-FE4C117D2F49}.Release|Any CPU.Build.0 = Release|Any CPU
		{DA72D131-D848-4B39-BFB3-FE4C117D2F49}.Release|x64.ActiveCfg = Release|Any CPU
		{DA72D131-D848-4B39-BFB3-FE4C117D2F49}.Release|x64.Build.0 = Release|Any CPU
		{DA72D131-D848-4B39-BFB3-FE4C117D2F49}.Release|x86.ActiveCfg = Release|Any CPU
		{DA72D131-D848-4B39-BFB3-FE4C117D2F49}.Release|x86.Build.0 = Release|Any CPU
	EndGlobalSection
	GlobalSection(SolutionProperties) = preSolution
		HideSolutionNode = FALSE
	EndGlobalSection
EndGlobal
